// !$*UTF8*$!
{
	archiveVersion = 1;
	classes = {
	};
	objectVersion = 51;
	objects = {

/* Begin PBXBuildFile section */
		CB65E975E65CBB706D82CF9F /* Pods_Photolist.framework in Frameworks */ = {isa = PBXBuildFile; fileRef = 68E88861252672C81D64CD2A /* Pods_Photolist.framework */; };
		FB6951842618977400D9EBDC /* AppDelegate.swift in Sources */ = {isa = PBXBuildFile; fileRef = FB6951832618977400D9EBDC /* AppDelegate.swift */; };
		FB6951862618977400D9EBDC /* SceneDelegate.swift in Sources */ = {isa = PBXBuildFile; fileRef = FB6951852618977400D9EBDC /* SceneDelegate.swift */; };
		FB6951882618977400D9EBDC /* ViewController.swift in Sources */ = {isa = PBXBuildFile; fileRef = FB6951872618977400D9EBDC /* ViewController.swift */; };
		FB69518D2618977400D9EBDC /* Assets.xcassets in Resources */ = {isa = PBXBuildFile; fileRef = FB69518C2618977400D9EBDC /* Assets.xcassets */; };
		FB6951902618977400D9EBDC /* LaunchScreen.storyboard in Resources */ = {isa = PBXBuildFile; fileRef = FB69518E2618977400D9EBDC /* LaunchScreen.storyboard */; };
		FB92067826189E6900E73774 /* MainView.swift in Sources */ = {isa = PBXBuildFile; fileRef = FB92067726189E6900E73774 /* MainView.swift */; };
/* End PBXBuildFile section */

/* Begin PBXFileReference section */
		68E88861252672C81D64CD2A /* Pods_Photolist.framework */ = {isa = PBXFileReference; explicitFileType = wrapper.framework; includeInIndex = 0; path = Pods_Photolist.framework; sourceTree = BUILT_PRODUCTS_DIR; };
		D39206D893AE54F291D4F549 /* Pods-Photolist.debug.xcconfig */ = {isa = PBXFileReference; includeInIndex = 1; lastKnownFileType = text.xcconfig; name = "Pods-Photolist.debug.xcconfig"; path = "Target Support Files/Pods-Photolist/Pods-Photolist.debug.xcconfig"; sourceTree = "<group>"; };
		E82311D090F0F8FCD2F188F6 /* Pods-Photolist.release.xcconfig */ = {isa = PBXFileReference; includeInIndex = 1; lastKnownFileType = text.xcconfig; name = "Pods-Photolist.release.xcconfig"; path = "Target Support Files/Pods-Photolist/Pods-Photolist.release.xcconfig"; sourceTree = "<group>"; };
		FB6951802618977400D9EBDC /* Photolist.app */ = {isa = PBXFileReference; explicitFileType = wrapper.application; includeInIndex = 0; path = Photolist.app; sourceTree = BUILT_PRODUCTS_DIR; };
		FB6951832618977400D9EBDC /* AppDelegate.swift */ = {isa = PBXFileReference; lastKnownFileType = sourcecode.swift; path = AppDelegate.swift; sourceTree = "<group>"; };
		FB6951852618977400D9EBDC /* SceneDelegate.swift */ = {isa = PBXFileReference; lastKnownFileType = sourcecode.swift; path = SceneDelegate.swift; sourceTree = "<group>"; };
		FB6951872618977400D9EBDC /* ViewController.swift */ = {isa = PBXFileReference; lastKnownFileType = sourcecode.swift; path = ViewController.swift; sourceTree = "<group>"; };
		FB69518C2618977400D9EBDC /* Assets.xcassets */ = {isa = PBXFileReference; lastKnownFileType = folder.assetcatalog; path = Assets.xcassets; sourceTree = "<group>"; };
		FB69518F2618977400D9EBDC /* Base */ = {isa = PBXFileReference; lastKnownFileType = file.storyboard; name = Base; path = Base.lproj/LaunchScreen.storyboard; sourceTree = "<group>"; };
		FB6951912618977400D9EBDC /* Info.plist */ = {isa = PBXFileReference; lastKnownFileType = text.plist.xml; path = Info.plist; sourceTree = "<group>"; };
		FB92067726189E6900E73774 /* MainView.swift */ = {isa = PBXFileReference; lastKnownFileType = sourcecode.swift; path = MainView.swift; sourceTree = "<group>"; };
/* End PBXFileReference section */

/* Begin PBXFrameworksBuildPhase section */
		FB69517D2618977400D9EBDC /* Frameworks */ = {
			isa = PBXFrameworksBuildPhase;
			buildActionMask = 2147483647;
			files = (
				CB65E975E65CBB706D82CF9F /* Pods_Photolist.framework in Frameworks */,
			);
			runOnlyForDeploymentPostprocessing = 0;
		};
/* End PBXFrameworksBuildPhase section */

/* Begin PBXGroup section */
		A5A2FE5ECDAC932D49FDB1CC /* Frameworks */ = {
			isa = PBXGroup;
			children = (
				68E88861252672C81D64CD2A /* Pods_Photolist.framework */,
			);
			name = Frameworks;
			sourceTree = "<group>";
		};
		BB6F819EC06E954C16A4AD8D /* Pods */ = {
			isa = PBXGroup;
			children = (
				D39206D893AE54F291D4F549 /* Pods-Photolist.debug.xcconfig */,
				E82311D090F0F8FCD2F188F6 /* Pods-Photolist.release.xcconfig */,
			);
			path = Pods;
			sourceTree = "<group>";
		};
		FB6951772618977400D9EBDC = {
			isa = PBXGroup;
			children = (
				FB6951822618977400D9EBDC /* Photolist */,
				FB6951812618977400D9EBDC /* Products */,
				BB6F819EC06E954C16A4AD8D /* Pods */,
				A5A2FE5ECDAC932D49FDB1CC /* Frameworks */,
			);
			sourceTree = "<group>";
		};
		FB6951812618977400D9EBDC /* Products */ = {
			isa = PBXGroup;
			children = (
				FB6951802618977400D9EBDC /* Photolist.app */,
			);
			name = Products;
			sourceTree = "<group>";
		};
		FB6951822618977400D9EBDC /* Photolist */ = {
			isa = PBXGroup;
			children = (
				FB92067626189E5300E73774 /* Views */,
				FB6951832618977400D9EBDC /* AppDelegate.swift */,
				FB6951852618977400D9EBDC /* SceneDelegate.swift */,
				FB6951872618977400D9EBDC /* ViewController.swift */,
				FB69518C2618977400D9EBDC /* Assets.xcassets */,
				FB69518E2618977400D9EBDC /* LaunchScreen.storyboard */,
				FB6951912618977400D9EBDC /* Info.plist */,
			);
			path = Photolist;
			sourceTree = "<group>";
		};
		FB92067626189E5300E73774 /* Views */ = {
			isa = PBXGroup;
			children = (
				FB92067726189E6900E73774 /* MainView.swift */,
			);
			path = Views;
			sourceTree = "<group>";
		};
/* End PBXGroup section */

/* Begin PBXNativeTarget section */
		FB69517F2618977400D9EBDC /* Photolist */ = {
			isa = PBXNativeTarget;
			buildConfigurationList = FB6951942618977400D9EBDC /* Build configuration list for PBXNativeTarget "Photolist" */;
			buildPhases = (
				A6A2923D460B5D569236D7BE /* [CP] Check Pods Manifest.lock */,
				FB69517C2618977400D9EBDC /* Sources */,
				FB69517D2618977400D9EBDC /* Frameworks */,
				FB69517E2618977400D9EBDC /* Resources */,
				4440C3074FDFDD09F946EB89 /* [CP] Embed Pods Frameworks */,
			);
			buildRules = (
			);
			dependencies = (
			);
			name = Photolist;
			productName = Photolist;
			productReference = FB6951802618977400D9EBDC /* Photolist.app */;
			productType = "com.apple.product-type.application";
		};
/* End PBXNativeTarget section */

/* Begin PBXProject section */
		FB6951782618977400D9EBDC /* Project object */ = {
			isa = PBXProject;
			attributes = {
				LastSwiftUpdateCheck = 1240;
				LastUpgradeCheck = 1240;
				TargetAttributes = {
					FB69517F2618977400D9EBDC = {
						CreatedOnToolsVersion = 12.4;
					};
				};
			};
			buildConfigurationList = FB69517B2618977400D9EBDC /* Build configuration list for PBXProject "Photolist" */;
			compatibilityVersion = "Xcode 9.3";
			developmentRegion = en;
			hasScannedForEncodings = 0;
			knownRegions = (
				en,
				Base,
			);
			mainGroup = FB6951772618977400D9EBDC;
			productRefGroup = FB6951812618977400D9EBDC /* Products */;
			projectDirPath = "";
			projectRoot = "";
			targets = (
				FB69517F2618977400D9EBDC /* Photolist */,
			);
		};
/* End PBXProject section */

/* Begin PBXResourcesBuildPhase section */
		FB69517E2618977400D9EBDC /* Resources */ = {
			isa = PBXResourcesBuildPhase;
			buildActionMask = 2147483647;
			files = (
				FB6951902618977400D9EBDC /* LaunchScreen.storyboard in Resources */,
				FB69518D2618977400D9EBDC /* Assets.xcassets in Resources */,
			);
			runOnlyForDeploymentPostprocessing = 0;
		};
/* End PBXResourcesBuildPhase section */

/* Begin PBXShellScriptBuildPhase section */
		4440C3074FDFDD09F946EB89 /* [CP] Embed Pods Frameworks */ = {
			isa = PBXShellScriptBuildPhase;
			buildActionMask = 2147483647;
			files = (
			);
			inputFileListPaths = (
				"${PODS_ROOT}/Target Support Files/Pods-Photolist/Pods-Photolist-frameworks-${CONFIGURATION}-input-files.xcfilelist",
			);
			name = "[CP] Embed Pods Frameworks";
			outputFileListPaths = (
				"${PODS_ROOT}/Target Support Files/Pods-Photolist/Pods-Photolist-frameworks-${CONFIGURATION}-output-files.xcfilelist",
			);
			runOnlyForDeploymentPostprocessing = 0;
			shellPath = /bin/sh;
			shellScript = "\"${PODS_ROOT}/Target Support Files/Pods-Photolist/Pods-Photolist-frameworks.sh\"\n";
			showEnvVarsInLog = 0;
		};
		A6A2923D460B5D569236D7BE /* [CP] Check Pods Manifest.lock */ = {
			isa = PBXShellScriptBuildPhase;
			buildActionMask = 2147483647;
			files = (
			);
			inputFileListPaths = (
			);
			inputPaths = (
				"${PODS_PODFILE_DIR_PATH}/Podfile.lock",
				"${PODS_ROOT}/Manifest.lock",
			);
			name = "[CP] Check Pods Manifest.lock";
			outputFileListPaths = (
			);
			outputPaths = (
				"$(DERIVED_FILE_DIR)/Pods-Photolist-checkManifestLockResult.txt",
			);
			runOnlyForDeploymentPostprocessing = 0;
			shellPath = /bin/sh;
			shellScript = "diff \"${PODS_PODFILE_DIR_PATH}/Podfile.lock\" \"${PODS_ROOT}/Manifest.lock\" > /dev/null\nif [ $? != 0 ] ; then\n    # print error to STDERR\n    echo \"error: The sandbox is not in sync with the Podfile.lock. Run 'pod install' or update your CocoaPods installation.\" >&2\n    exit 1\nfi\n# This output is used by Xcode 'outputs' to avoid re-running this script phase.\necho \"SUCCESS\" > \"${SCRIPT_OUTPUT_FILE_0}\"\n";
			showEnvVarsInLog = 0;
		};
/* End PBXShellScriptBuildPhase section */

/* Begin PBXSourcesBuildPhase section */
		FB69517C2618977400D9EBDC /* Sources */ = {
			isa = PBXSourcesBuildPhase;
			buildActionMask = 2147483647;
			files = (
				FB6951882618977400D9EBDC /* ViewController.swift in Sources */,
				FB92067826189E6900E73774 /* MainView.swift in Sources */,
				FB6951842618977400D9EBDC /* AppDelegate.swift in Sources */,
				FB6951862618977400D9EBDC /* SceneDelegate.swift in Sources */,
			);
			runOnlyForDeploymentPostprocessing = 0;
		};
/* End PBXSourcesBuildPhase section */

/* Begin PBXVariantGroup section */
		FB69518E2618977400D9EBDC /* LaunchScreen.storyboard */ = {
			isa = PBXVariantGroup;
			children = (
				FB69518F2618977400D9EBDC /* Base */,
			);
			name = LaunchScreen.storyboard;
			sourceTree = "<group>";
		};
/* End PBXVariantGroup section */

/* Begin XCBuildConfiguration section */
		FB6951922618977400D9EBDC /* Debug */ = {
			isa = XCBuildConfiguration;
			buildSettings = {
				ALWAYS_SEARCH_USER_PATHS = NO;
				CLANG_ANALYZER_NONNULL = YES;
				CLANG_ANALYZER_NUMBER_OBJECT_CONVERSION = YES_AGGRESSIVE;
				CLANG_CXX_LANGUAGE_STANDARD = "gnu++14";
				CLANG_CXX_LIBRARY = "libc++";
				CLANG_ENABLE_MODULES = YES;
				CLANG_ENABLE_OBJC_ARC = YES;
				CLANG_ENABLE_OBJC_WEAK = YES;
				CLANG_WARN_BLOCK_CAPTURE_AUTORELEASING = YES;
				CLANG_WARN_BOOL_CONVERSION = YES;
				CLANG_WARN_COMMA = YES;
				CLANG_WARN_CONSTANT_CONVERSION = YES;
				CLANG_WARN_DEPRECATED_OBJC_IMPLEMENTATIONS = YES;
				CLANG_WARN_DIRECT_OBJC_ISA_USAGE = YES_ERROR;
				CLANG_WARN_DOCUMENTATION_COMMENTS = YES;
				CLANG_WARN_EMPTY_BODY = YES;
				CLANG_WARN_ENUM_CONVERSION = YES;
				CLANG_WARN_INFINITE_RECURSION = YES;
				CLANG_WARN_INT_CONVERSION = YES;
				CLANG_WARN_NON_LITERAL_NULL_CONVERSION = YES;
				CLANG_WARN_OBJC_IMPLICIT_RETAIN_SELF = YES;
				CLANG_WARN_OBJC_LITERAL_CONVERSION = YES;
				CLANG_WARN_OBJC_ROOT_CLASS = YES_ERROR;
				CLANG_WARN_QUOTED_INCLUDE_IN_FRAMEWORK_HEADER = YES;
				CLANG_WARN_RANGE_LOOP_ANALYSIS = YES;
				CLANG_WARN_STRICT_PROTOTYPES = YES;
				CLANG_WARN_SUSPICIOUS_MOVE = YES;
				CLANG_WARN_UNGUARDED_AVAILABILITY = YES_AGGRESSIVE;
				CLANG_WARN_UNREACHABLE_CODE = YES;
				CLANG_WARN__DUPLICATE_METHOD_MATCH = YES;
				COPY_PHASE_STRIP = NO;
				DEBUG_INFORMATION_FORMAT = dwarf;
				ENABLE_STRICT_OBJC_MSGSEND = YES;
				ENABLE_TESTABILITY = YES;
				GCC_C_LANGUAGE_STANDARD = gnu11;
				GCC_DYNAMIC_NO_PIC = NO;
				GCC_NO_COMMON_BLOCKS = YES;
				GCC_OPTIMIZATION_LEVEL = 0;
				GCC_PREPROCESSOR_DEFINITIONS = (
					"DEBUG=1",
					"$(inherited)",
				);
				GCC_WARN_64_TO_32_BIT_CONVERSION = YES;
				GCC_WARN_ABOUT_RETURN_TYPE = YES_ERROR;
				GCC_WARN_UNDECLARED_SELECTOR = YES;
				GCC_WARN_UNINITIALIZED_AUTOS = YES_AGGRESSIVE;
				GCC_WARN_UNUSED_FUNCTION = YES;
				GCC_WARN_UNUSED_VARIABLE = YES;
				IPHONEOS_DEPLOYMENT_TARGET = 14.4;
				MTL_ENABLE_DEBUG_INFO = INCLUDE_SOURCE;
				MTL_FAST_MATH = YES;
				ONLY_ACTIVE_ARCH = YES;
				SDKROOT = iphoneos;
				SWIFT_ACTIVE_COMPILATION_CONDITIONS = DEBUG;
				SWIFT_OPTIMIZATION_LEVEL = "-Onone";
			};
			name = Debug;
		};
		FB6951932618977400D9EBDC /* Release */ = {
			isa = XCBuildConfiguration;
			buildSettings = {
				ALWAYS_SEARCH_USER_PATHS = NO;
				CLANG_ANALYZER_NONNULL = YES;
				CLANG_ANALYZER_NUMBER_OBJECT_CONVERSION = YES_AGGRESSIVE;
				CLANG_CXX_LANGUAGE_STANDARD = "gnu++14";
				CLANG_CXX_LIBRARY = "libc++";
				CLANG_ENABLE_MODULES = YES;
				CLANG_ENABLE_OBJC_ARC = YES;
				CLANG_ENABLE_OBJC_WEAK = YES;
				CLANG_WARN_BLOCK_CAPTURE_AUTORELEASING = YES;
				CLANG_WARN_BOOL_CONVERSION = YES;
				CLANG_WARN_COMMA = YES;
				CLANG_WARN_CONSTANT_CONVERSION = YES;
				CLANG_WARN_DEPRECATED_OBJC_IMPLEMENTATIONS = YES;
				CLANG_WARN_DIRECT_OBJC_ISA_USAGE = YES_ERROR;
				CLANG_WARN_DOCUMENTATION_COMMENTS = YES;
				CLANG_WARN_EMPTY_BODY = YES;
				CLANG_WARN_ENUM_CONVERSION = YES;
				CLANG_WARN_INFINITE_RECURSION = YES;
				CLANG_WARN_INT_CONVERSION = YES;
				CLANG_WARN_NON_LITERAL_NULL_CONVERSION = YES;
				CLANG_WARN_OBJC_IMPLICIT_RETAIN_SELF = YES;
				CLANG_WARN_OBJC_LITERAL_CONVERSION = YES;
				CLANG_WARN_OBJC_ROOT_CLASS = YES_ERROR;
				CLANG_WARN_QUOTED_INCLUDE_IN_FRAMEWORK_HEADER = YES;
				CLANG_WARN_RANGE_LOOP_ANALYSIS = YES;
				CLANG_WARN_STRICT_PROTOTYPES = YES;
				CLANG_WARN_SUSPICIOUS_MOVE = YES;
				CLANG_WARN_UNGUARDED_AVAILABILITY = YES_AGGRESSIVE;
				CLANG_WARN_UNREACHABLE_CODE = YES;
				CLANG_WARN__DUPLICATE_METHOD_MATCH = YES;
				COPY_PHASE_STRIP = NO;
				DEBUG_INFORMATION_FORMAT = "dwarf-with-dsym";
				ENABLE_NS_ASSERTIONS = NO;
				ENABLE_STRICT_OBJC_MSGSEND = YES;
				GCC_C_LANGUAGE_STANDARD = gnu11;
				GCC_NO_COMMON_BLOCKS = YES;
				GCC_WARN_64_TO_32_BIT_CONVERSION = YES;
				GCC_WARN_ABOUT_RETURN_TYPE = YES_ERROR;
				GCC_WARN_UNDECLARED_SELECTOR = YES;
				GCC_WARN_UNINITIALIZED_AUTOS = YES_AGGRESSIVE;
				GCC_WARN_UNUSED_FUNCTION = YES;
				GCC_WARN_UNUSED_VARIABLE = YES;
				IPHONEOS_DEPLOYMENT_TARGET = 14.4;
				MTL_ENABLE_DEBUG_INFO = NO;
				MTL_FAST_MATH = YES;
				SDKROOT = iphoneos;
				SWIFT_COMPILATION_MODE = wholemodule;
				SWIFT_OPTIMIZATION_LEVEL = "-O";
				VALIDATE_PRODUCT = YES;
			};
			name = Release;
		};
		FB6951952618977400D9EBDC /* Debug */ = {
			isa = XCBuildConfiguration;
			baseConfigurationReference = D39206D893AE54F291D4F549 /* Pods-Photolist.debug.xcconfig */;
			buildSettings = {
				ASSETCATALOG_COMPILER_APPICON_NAME = AppIcon;
				ASSETCATALOG_COMPILER_GLOBAL_ACCENT_COLOR_NAME = AccentColor;
				CODE_SIGN_STYLE = Automatic;
				INFOPLIST_FILE = Photolist/Info.plist;
				LD_RUNPATH_SEARCH_PATHS = (
					"$(inherited)",
					"@executable_path/Frameworks",
				);
				PRODUCT_BUNDLE_IDENTIFIER = sorokin.Photolist;
				PRODUCT_NAME = "$(TARGET_NAME)";
				SWIFT_VERSION = 5.0;
				TARGETED_DEVICE_FAMILY = "1,2";
			};
			name = Debug;
		};
		FB6951962618977400D9EBDC /* Release */ = {
			isa = XCBuildConfiguration;
			baseConfigurationReference = E82311D090F0F8FCD2F188F6 /* Pods-Photolist.release.xcconfig */;
			buildSettings = {
				ASSETCATALOG_COMPILER_APPICON_NAME = AppIcon;
				ASSETCATALOG_COMPILER_GLOBAL_ACCENT_COLOR_NAME = AccentColor;
				CODE_SIGN_STYLE = Automatic;
				INFOPLIST_FILE = Photolist/Info.plist;
				LD_RUNPATH_SEARCH_PATHS = (
					"$(inherited)",
					"@executable_path/Frameworks",
				);
				PRODUCT_BUNDLE_IDENTIFIER = sorokin.Photolist;
				PRODUCT_NAME = "$(TARGET_NAME)";
				SWIFT_VERSION = 5.0;
				TARGETED_DEVICE_FAMILY = "1,2";
			};
			name = Release;
		};
/* End XCBuildConfiguration section */

/* Begin XCConfigurationList section */
		FB69517B2618977400D9EBDC /* Build configuration list for PBXProject "Photolist" */ = {
			isa = XCConfigurationList;
			buildConfigurations = (
				FB6951922618977400D9EBDC /* Debug */,
				FB6951932618977400D9EBDC /* Release */,
			);
			defaultConfigurationIsVisible = 0;
			defaultConfigurationName = Release;
		};
		FB6951942618977400D9EBDC /* Build configuration list for PBXNativeTarget "Photolist" */ = {
			isa = XCConfigurationList;
			buildConfigurations = (
				FB6951952618977400D9EBDC /* Debug */,
				FB6951962618977400D9EBDC /* Release */,
			);
			defaultConfigurationIsVisible = 0;
			defaultConfigurationName = Release;
		};
/* End XCConfigurationList section */
	};
	rootObject = FB6951782618977400D9EBDC /* Project object */;
}
